
Microsoft Visual Studio Solution File, Format Version 11.00
# Visual Studio 2010
Project("{FAE04EC0-301F-11D3-BF4B-00C04F79EFBC}") = "LinFu.AOP.MethodInterceptionSample", "LinFu.AOP.MethodInterceptionSample\LinFu.AOP.MethodInterceptionSample.csproj", "{47E8A072-1E89-4FD8-AEB0-85C105F7CC52}"
EndProject
Project("{FAE04EC0-301F-11D3-BF4B-00C04F79EFBC}") = "SampleLibrary", "SampleLibrary\SampleLibrary.csproj", "{40E585A8-2D84-45C9-8EE8-9600152D8D96}"
EndProject
Global
	GlobalSection(SolutionConfigurationPlatforms) = preSolution
		Debug|Any CPU = Debug|Any CPU
		Release|Any CPU = Release|Any CPU
	EndGlobalSection
	GlobalSection(ProjectConfigurationPlatforms) = postSolution
		{47E8A072-1E89-4FD8-AEB0-85C105F7CC52}.Debug|Any CPU.ActiveCfg = Debug|Any CPU
		{47E8A072-1E89-4FD8-AEB0-85C105F7CC52}.Debug|Any CPU.Build.0 = Debug|Any CPU
		{47E8A072-1E89-4FD8-AEB0-85C105F7CC52}.Release|Any CPU.ActiveCfg = Release|Any CPU
		{47E8A072-1E89-4FD8-AEB0-85C105F7CC52}.Release|Any CPU.Build.0 = Release|Any CPU
		{40E585A8-2D84-45C9-8EE8-9600152D8D96}.Debug|Any CPU.ActiveCfg = Debug|Any CPU
		{40E585A8-2D84-45C9-8EE8-9600152D8D96}.Debug|Any CPU.Build.0 = Debug|Any CPU
		{40E585A8-2D84-45C9-8EE8-9600152D8D96}.Release|Any CPU.ActiveCfg = Release|Any CPU
		{40E585A8-2D84-45C9-8EE8-9600152D8D96}.Release|Any CPU.Build.0 = Release|Any CPU
	EndGlobalSection
	GlobalSection(SolutionProperties) = preSolution
		HideSolutionNode = FALSE
	EndGlobalSection
EndGlobal
