
Microsoft Visual Studio Solution File, Format Version 9.00
# Visual Studio 2005
Project("{FAE04EC0-301F-11D3-BF4B-00C04F79EFBC}") = "LinFu.Delegates", "LinFu.Delegates\LinFu.Delegates.csproj", "{65A26586-FE64-411D-999D-EC328DFF8986}"
EndProject
Project("{FAE04EC0-301F-11D3-BF4B-00C04F79EFBC}") = "LinFu.Delegates.Tests", "LinFu.Delegates.Tests\LinFu.Delegates.Tests.csproj", "{27BCE59A-A0F0-43DE-8695-B4A63FAD7444}"
EndProject
Project("{FAE04EC0-301F-11D3-BF4B-00C04F79EFBC}") = "LinFu.DynamicProxy", "..\LinFu.DynamicProxy\LinFu.DynamicProxy.csproj", "{859EF99C-D959-4485-B24E-05AEAB9B54CF}"
EndProject
Global
	GlobalSection(SolutionConfigurationPlatforms) = preSolution
		Debug|Any CPU = Debug|Any CPU
		Release|Any CPU = Release|Any CPU
	EndGlobalSection
	GlobalSection(ProjectConfigurationPlatforms) = postSolution
		{65A26586-FE64-411D-999D-EC328DFF8986}.Debug|Any CPU.ActiveCfg = Debug|Any CPU
		{65A26586-FE64-411D-999D-EC328DFF8986}.Debug|Any CPU.Build.0 = Debug|Any CPU
		{65A26586-FE64-411D-999D-EC328DFF8986}.Release|Any CPU.ActiveCfg = Release|Any CPU
		{65A26586-FE64-411D-999D-EC328DFF8986}.Release|Any CPU.Build.0 = Release|Any CPU
		{27BCE59A-A0F0-43DE-8695-B4A63FAD7444}.Debug|Any CPU.ActiveCfg = Debug|Any CPU
		{27BCE59A-A0F0-43DE-8695-B4A63FAD7444}.Debug|Any CPU.Build.0 = Debug|Any CPU
		{27BCE59A-A0F0-43DE-8695-B4A63FAD7444}.Release|Any CPU.ActiveCfg = Release|Any CPU
		{27BCE59A-A0F0-43DE-8695-B4A63FAD7444}.Release|Any CPU.Build.0 = Release|Any CPU
		{859EF99C-D959-4485-B24E-05AEAB9B54CF}.Debug|Any CPU.ActiveCfg = Debug|Any CPU
		{859EF99C-D959-4485-B24E-05AEAB9B54CF}.Debug|Any CPU.Build.0 = Debug|Any CPU
		{859EF99C-D959-4485-B24E-05AEAB9B54CF}.Release|Any CPU.ActiveCfg = Release|Any CPU
		{859EF99C-D959-4485-B24E-05AEAB9B54CF}.Release|Any CPU.Build.0 = Release|Any CPU
	EndGlobalSection
	GlobalSection(SolutionProperties) = preSolution
		HideSolutionNode = FALSE
	EndGlobalSection
EndGlobal
