
Microsoft Visual Studio Solution File, Format Version 9.00
# Visual Studio 2005
Project("{FAE04EC0-301F-11D3-BF4B-00C04F79EFBC}") = "LinFu.DesignByContract2.Tests", "LinFu.DesignByContract2.Tests\LinFu.DesignByContract2.Tests.csproj", "{55ABFCA3-D216-4264-A1A2-7CA9C287C18C}"
EndProject
Project("{FAE04EC0-301F-11D3-BF4B-00C04F79EFBC}") = "LinFu.DesignByContract2.Core", "LinFu.DesignByContract2.Core\LinFu.DesignByContract2.Core.csproj", "{63C8B741-B66A-43BA-B826-990E4A90686C}"
EndProject
Project("{2150E333-8FDC-42A3-9474-1A3956D46DE8}") = "Solution Items", "Solution Items", "{8DCDFFAC-9EE9-4579-AED1-C8AB63971125}"
EndProject
Project("{FAE04EC0-301F-11D3-BF4B-00C04F79EFBC}") = "LinFu.DesignByContract2.Attributes", "LinFu.DesignByContract2.Attributes\LinFu.DesignByContract2.Attributes.csproj", "{90EE5327-EE55-4E27-9AFC-6253696159A6}"
EndProject
Project("{FAE04EC0-301F-11D3-BF4B-00C04F79EFBC}") = "LinFu.Common", "..\LinFu.Common\LinFu.Common.csproj", "{12E74908-C9CF-45CB-A996-7784846C3A53}"
EndProject
Project("{FAE04EC0-301F-11D3-BF4B-00C04F79EFBC}") = "LinFu.DesignByContract2.Injectors", "LinFu.DesignByContract2.Injectors\LinFu.DesignByContract2.Injectors.csproj", "{6D084FCC-AD4C-42AD-8A21-055243D0F7B7}"
EndProject
Project("{FAE04EC0-301F-11D3-BF4B-00C04F79EFBC}") = "LinFu.DynamicProxy", "..\LinFu.DynamicProxy\LinFu.DynamicProxy.csproj", "{859EF99C-D959-4485-B24E-05AEAB9B54CF}"
EndProject
Project("{FAE04EC0-301F-11D3-BF4B-00C04F79EFBC}") = "SampleContracts", "SampleContracts\SampleContracts.csproj", "{CC3391A9-4834-429E-A232-829257ABBF88}"
EndProject
Project("{FAE04EC0-301F-11D3-BF4B-00C04F79EFBC}") = "LinFu.DesignByContract2.Contracts", "LinFu.DesignByContract2.Contracts\LinFu.DesignByContract2.Contracts.csproj", "{2EF4403C-5E10-4B39-8EA7-D4F3C5824DB5}"
EndProject
Project("{FAE04EC0-301F-11D3-BF4B-00C04F79EFBC}") = "Simple.IoC", "..\Simple.IoC\Simple.IoC\Simple.IoC.csproj", "{457039BF-4B57-4553-AC4F-81B11B59610E}"
EndProject
Project("{FAE04EC0-301F-11D3-BF4B-00C04F79EFBC}") = "Simple.IoC.Loaders", "..\Simple.IoC\Simple.IoC.Loaders\Simple.IoC.Loaders.csproj", "{F6B9BAAF-89AB-419D-B256-BB1EA38D799A}"
EndProject
Project("{FAE04EC0-301F-11D3-BF4B-00C04F79EFBC}") = "LinFu.Delegates", "..\LinFu.Delegates\LinFu.Delegates\LinFu.Delegates.csproj", "{65A26586-FE64-411D-999D-EC328DFF8986}"
EndProject
Project("{FAE04EC0-301F-11D3-BF4B-00C04F79EFBC}") = "LinFu.Reflection", "..\LinFu.Reflection\LinFu.Reflection\LinFu.Reflection.csproj", "{CD5E9841-5A3C-47E4-BADC-9CA297AA7948}"
EndProject
Global
	GlobalSection(SourceCodeControl) = preSolution
		SccNumberOfProjects = 7
		SccProjectName0 = \u0022$/LinFu.DesignByContract2.root/LinFu.DesignByContract2\u0022,\u0020BYBAAAAA
		SccLocalPath0 = ..
		SccProvider0 = MSSCCI:Microsoft\u0020Visual\u0020SourceSafe
		SccProjectFilePathRelativizedFromConnection0 = LinFu.DesignByContract2\\
		SccProjectUniqueName1 = LinFu.DesignByContract2.Tests\\LinFu.DesignByContract2.Tests.csproj
		SccLocalPath1 = ..
		SccProjectFilePathRelativizedFromConnection1 = LinFu.DesignByContract2\\LinFu.DesignByContract2.Tests\\
		SccProjectUniqueName2 = LinFu.DesignByContract2.Core\\LinFu.DesignByContract2.Core.csproj
		SccLocalPath2 = ..
		SccProjectFilePathRelativizedFromConnection2 = LinFu.DesignByContract2\\LinFu.DesignByContract2.Core\\
		SccProjectUniqueName3 = LinFu.DesignByContract2.Attributes\\LinFu.DesignByContract2.Attributes.csproj
		SccLocalPath3 = ..
		SccProjectFilePathRelativizedFromConnection3 = LinFu.DesignByContract2\\LinFu.DesignByContract2.Attributes\\
		SccProjectUniqueName4 = LinFu.DesignByContract2.Injectors\\LinFu.DesignByContract2.Injectors.csproj
		SccLocalPath4 = ..
		SccProjectFilePathRelativizedFromConnection4 = LinFu.DesignByContract2\\LinFu.DesignByContract2.Injectors\\
		SccProjectUniqueName5 = SampleContracts\\SampleContracts.csproj
		SccLocalPath5 = ..
		SccProjectFilePathRelativizedFromConnection5 = LinFu.DesignByContract2\\SampleContracts\\
		SccProjectUniqueName6 = LinFu.DesignByContract2.Contracts\\LinFu.DesignByContract2.Contracts.csproj
		SccLocalPath6 = ..
		SccProjectFilePathRelativizedFromConnection6 = LinFu.DesignByContract2\\LinFu.DesignByContract2.Contracts\\
	EndGlobalSection
	GlobalSection(SolutionConfigurationPlatforms) = preSolution
		Debug|Any CPU = Debug|Any CPU
		Release|Any CPU = Release|Any CPU
	EndGlobalSection
	GlobalSection(ProjectConfigurationPlatforms) = postSolution
		{55ABFCA3-D216-4264-A1A2-7CA9C287C18C}.Debug|Any CPU.ActiveCfg = Debug|Any CPU
		{55ABFCA3-D216-4264-A1A2-7CA9C287C18C}.Debug|Any CPU.Build.0 = Debug|Any CPU
		{55ABFCA3-D216-4264-A1A2-7CA9C287C18C}.Release|Any CPU.ActiveCfg = Release|Any CPU
		{55ABFCA3-D216-4264-A1A2-7CA9C287C18C}.Release|Any CPU.Build.0 = Release|Any CPU
		{63C8B741-B66A-43BA-B826-990E4A90686C}.Debug|Any CPU.ActiveCfg = Debug|Any CPU
		{63C8B741-B66A-43BA-B826-990E4A90686C}.Debug|Any CPU.Build.0 = Debug|Any CPU
		{63C8B741-B66A-43BA-B826-990E4A90686C}.Release|Any CPU.ActiveCfg = Release|Any CPU
		{63C8B741-B66A-43BA-B826-990E4A90686C}.Release|Any CPU.Build.0 = Release|Any CPU
		{90EE5327-EE55-4E27-9AFC-6253696159A6}.Debug|Any CPU.ActiveCfg = Debug|Any CPU
		{90EE5327-EE55-4E27-9AFC-6253696159A6}.Debug|Any CPU.Build.0 = Debug|Any CPU
		{90EE5327-EE55-4E27-9AFC-6253696159A6}.Release|Any CPU.ActiveCfg = Release|Any CPU
		{90EE5327-EE55-4E27-9AFC-6253696159A6}.Release|Any CPU.Build.0 = Release|Any CPU
		{12E74908-C9CF-45CB-A996-7784846C3A53}.Debug|Any CPU.ActiveCfg = Debug|Any CPU
		{12E74908-C9CF-45CB-A996-7784846C3A53}.Debug|Any CPU.Build.0 = Debug|Any CPU
		{12E74908-C9CF-45CB-A996-7784846C3A53}.Release|Any CPU.ActiveCfg = Release|Any CPU
		{12E74908-C9CF-45CB-A996-7784846C3A53}.Release|Any CPU.Build.0 = Release|Any CPU
		{6D084FCC-AD4C-42AD-8A21-055243D0F7B7}.Debug|Any CPU.ActiveCfg = Debug|Any CPU
		{6D084FCC-AD4C-42AD-8A21-055243D0F7B7}.Debug|Any CPU.Build.0 = Debug|Any CPU
		{6D084FCC-AD4C-42AD-8A21-055243D0F7B7}.Release|Any CPU.ActiveCfg = Release|Any CPU
		{6D084FCC-AD4C-42AD-8A21-055243D0F7B7}.Release|Any CPU.Build.0 = Release|Any CPU
		{859EF99C-D959-4485-B24E-05AEAB9B54CF}.Debug|Any CPU.ActiveCfg = Debug|Any CPU
		{859EF99C-D959-4485-B24E-05AEAB9B54CF}.Debug|Any CPU.Build.0 = Debug|Any CPU
		{859EF99C-D959-4485-B24E-05AEAB9B54CF}.Release|Any CPU.ActiveCfg = Release|Any CPU
		{859EF99C-D959-4485-B24E-05AEAB9B54CF}.Release|Any CPU.Build.0 = Release|Any CPU
		{CC3391A9-4834-429E-A232-829257ABBF88}.Debug|Any CPU.ActiveCfg = Debug|Any CPU
		{CC3391A9-4834-429E-A232-829257ABBF88}.Debug|Any CPU.Build.0 = Debug|Any CPU
		{CC3391A9-4834-429E-A232-829257ABBF88}.Release|Any CPU.ActiveCfg = Release|Any CPU
		{CC3391A9-4834-429E-A232-829257ABBF88}.Release|Any CPU.Build.0 = Release|Any CPU
		{2EF4403C-5E10-4B39-8EA7-D4F3C5824DB5}.Debug|Any CPU.ActiveCfg = Debug|Any CPU
		{2EF4403C-5E10-4B39-8EA7-D4F3C5824DB5}.Debug|Any CPU.Build.0 = Debug|Any CPU
		{2EF4403C-5E10-4B39-8EA7-D4F3C5824DB5}.Release|Any CPU.ActiveCfg = Release|Any CPU
		{2EF4403C-5E10-4B39-8EA7-D4F3C5824DB5}.Release|Any CPU.Build.0 = Release|Any CPU
		{457039BF-4B57-4553-AC4F-81B11B59610E}.Debug|Any CPU.ActiveCfg = Debug|Any CPU
		{457039BF-4B57-4553-AC4F-81B11B59610E}.Debug|Any CPU.Build.0 = Debug|Any CPU
		{457039BF-4B57-4553-AC4F-81B11B59610E}.Release|Any CPU.ActiveCfg = Release|Any CPU
		{457039BF-4B57-4553-AC4F-81B11B59610E}.Release|Any CPU.Build.0 = Release|Any CPU
		{F6B9BAAF-89AB-419D-B256-BB1EA38D799A}.Debug|Any CPU.ActiveCfg = Debug|Any CPU
		{F6B9BAAF-89AB-419D-B256-BB1EA38D799A}.Debug|Any CPU.Build.0 = Debug|Any CPU
		{F6B9BAAF-89AB-419D-B256-BB1EA38D799A}.Release|Any CPU.ActiveCfg = Release|Any CPU
		{F6B9BAAF-89AB-419D-B256-BB1EA38D799A}.Release|Any CPU.Build.0 = Release|Any CPU
		{65A26586-FE64-411D-999D-EC328DFF8986}.Debug|Any CPU.ActiveCfg = Debug|Any CPU
		{65A26586-FE64-411D-999D-EC328DFF8986}.Debug|Any CPU.Build.0 = Debug|Any CPU
		{65A26586-FE64-411D-999D-EC328DFF8986}.Release|Any CPU.ActiveCfg = Release|Any CPU
		{65A26586-FE64-411D-999D-EC328DFF8986}.Release|Any CPU.Build.0 = Release|Any CPU
		{CD5E9841-5A3C-47E4-BADC-9CA297AA7948}.Debug|Any CPU.ActiveCfg = Debug|Any CPU
		{CD5E9841-5A3C-47E4-BADC-9CA297AA7948}.Debug|Any CPU.Build.0 = Debug|Any CPU
		{CD5E9841-5A3C-47E4-BADC-9CA297AA7948}.Release|Any CPU.ActiveCfg = Release|Any CPU
		{CD5E9841-5A3C-47E4-BADC-9CA297AA7948}.Release|Any CPU.Build.0 = Release|Any CPU
	EndGlobalSection
	GlobalSection(SolutionProperties) = preSolution
		HideSolutionNode = FALSE
	EndGlobalSection
EndGlobal
